# This file is automatically @generated by Cargo.
# It is not intended for manual editing.
version = 4

[[package]]
name = "bitflags"
version = "1.3.2"
source = "registry+https://github.com/rust-lang/crates.io-index"
checksum = "bef38d45163c2f1dde094a7dfd33ccf595c92905c8f8f4fdc18d06fb1037718a"

[[package]]
name = "bitflags"
version = "2.9.4"
source = "registry+https://github.com/rust-lang/crates.io-index"
checksum = "2261d10cca569e4643e526d8dc2e62e433cc8aba21ab764233731f8d369bf394"

[[package]]
name = "byteorder"
version = "1.5.0"
source = "registry+https://github.com/rust-lang/crates.io-index"
checksum = "1fd0f2584146f6f2ef48085050886acf353beff7305ebd1ae69500e27c67f64b"

[[package]]
name = "cfg-if"
version = "1.0.3"
source = "registry+https://github.com/rust-lang/crates.io-index"
checksum = "2fd1289c04a9ea8cb22300a459a72a385d7c73d3259e2ed7dcb2af674838cfa9"

[[package]]
name = "cfg_aliases"
version = "0.2.1"
source = "registry+https://github.com/rust-lang/crates.io-index"
checksum = "613afe47fcd5fac7ccf1db93babcb082c5994d996f20b8b159f2ad1658eb5724"

[[package]]
name = "gpio-cdev"
version = "0.6.0"
source = "registry+https://github.com/rust-lang/crates.io-index"
checksum = "09831ec59b80be69e75d29cf36e16afbbe5fd1af9c1bf4689ad91c77db5aa6a6"
dependencies = [
 "bitflags 2.9.4",
 "libc",
 "nix 0.27.1",
]

[[package]]
name = "i2c_battery_control"
version = "0.1.0"
dependencies = [
 "gpio-cdev",
 "i2cdev",
]

[[package]]
name = "i2cdev"
version = "0.6.1"
source = "registry+https://github.com/rust-lang/crates.io-index"
checksum = "a01f563561b53e2def844167c92984da13779a53ca409e948a03400633cb8228"
dependencies = [
 "bitflags 2.9.4",
 "byteorder",
 "libc",
 "nix 0.26.4",
]

[[package]]
name = "keyboard"
version = "0.1.0"
dependencies = [
 "gpio-cdev",
]

[[package]]
name = "libc"
version = "0.2.175"
source = "registry+https://github.com/rust-lang/crates.io-index"
checksum = "6a82ae493e598baaea5209805c49bbf2ea7de956d50d7da0da1164f9c6d28543"

[[package]]
name = "nix"
version = "0.26.4"
source = "registry+https://github.com/rust-lang/crates.io-index"
checksum = "598beaf3cc6fdd9a5dfb1630c2800c7acd31df7aaf0f565796fba2b53ca1af1b"
dependencies = [
 "bitflags 1.3.2",
 "cfg-if",
 "libc",
]

[[package]]
name = "nix"
version = "0.27.1"
source = "registry+https://github.com/rust-lang/crates.io-index"
checksum = "2eb04e9c688eff1c89d72b407f168cf79bb9e867a9d3323ed6c01519eb9cc053"
dependencies = [
 "bitflags 2.9.4",
 "cfg-if",
 "libc",
]

[[package]]
name = "nix"
version = "0.29.0"
source = "registry+https://github.com/rust-lang/crates.io-index"
checksum = "71e2746dc3a24dd78b3cfcb7be93368c6de9963d30f43a6a73998a9cf4b17b46"
dependencies = [
 "bitflags 2.9.4",
 "cfg-if",
 "cfg_aliases",
 "libc",
]

[[package]]
name = "spi_current_monitor"
version = "0.1.0"
dependencies = [
 "gpio-cdev",
 "spidev",
]

[[package]]
name = "spidev"
version = "0.7.0"
source = "registry+https://github.com/rust-lang/crates.io-index"
checksum = "4d3081d9cd18e38e608bd29b067168f28b15940e4815ed3e30481e8e661161cf"
dependencies = [
 "bitflags 2.9.4",
 "libc",
 "nix 0.29.0",
]
